// !$*UTF8*$!
{
	archiveVersion = 1;
	classes = {
	};
	objectVersion = 77;
	objects = {

/* Begin PBXContainerItemProxy section */
		2F50CA682D129D4B000EAE87 /* PBXContainerItemProxy */ = {
			isa = PBXContainerItemProxy;
			containerPortal = 2F50CA492D129D4A000EAE87 /* Project object */;
			proxyType = 1;
			remoteGlobalIDString = 2F50CA502D129D4A000EAE87;
			remoteInfo = "Learning 2";
		};
		2F50CA722D129D4B000EAE87 /* PBXContainerItemProxy */ = {
			isa = PBXContainerItemProxy;
			containerPortal = 2F50CA492D129D4A000EAE87 /* Project object */;
			proxyType = 1;
			remoteGlobalIDString = 2F50CA502D129D4A000EAE87;
			remoteInfo = "Learning 2";
		};
/* End PBXContainerItemProxy section */

/* Begin PBXFileReference section */
		2F50CA512D129D4A000EAE87 /* Learning 2.app */ = {isa = PBXFileReference; explicitFileType = wrapper.application; includeInIndex = 0; path = "Learning 2.app"; sourceTree = BUILT_PRODUCTS_DIR; };
		2F50CA672D129D4B000EAE87 /* Learning 2Tests.xctest */ = {isa = PBXFileReference; explicitFileType = wrapper.cfbundle; includeInIndex = 0; path = "Learning 2Tests.xctest"; sourceTree = BUILT_PRODUCTS_DIR; };
		2F50CA712D129D4B000EAE87 /* Learning 2UITests.xctest */ = {isa = PBXFileReference; explicitFileType = wrapper.cfbundle; includeInIndex = 0; path = "Learning 2UITests.xctest"; sourceTree = BUILT_PRODUCTS_DIR; };
/* End PBXFileReference section */

/* Begin PBXFileSystemSynchronizedBuildFileExceptionSet section */
		2F50CA792D129D4B000EAE87 /* Exceptions for "Learning 2" folder in "Learning 2" target */ = {
			isa = PBXFileSystemSynchronizedBuildFileExceptionSet;
			membershipExceptions = (
				Info.plist,
			);
			target = 2F50CA502D129D4A000EAE87 /* Learning 2 */;
		};
/* End PBXFileSystemSynchronizedBuildFileExceptionSet section */

/* Begin PBXFileSystemSynchronizedRootGroup section */
		2F50CA532D129D4A000EAE87 /* Learning 2 */ = {
			isa = PBXFileSystemSynchronizedRootGroup;
			exceptions = (
				2F50CA792D129D4B000EAE87 /* Exceptions for "Learning 2" folder in "Learning 2" target */,
			);
			path = "Learning 2";
			sourceTree = "<group>";
		};
		2F50CA6A2D129D4B000EAE87 /* Learning 2Tests */ = {
			isa = PBXFileSystemSynchronizedRootGroup;
			path = "Learning 2Tests";
			sourceTree = "<group>";
		};
		2F50CA742D129D4B000EAE87 /* Learning 2UITests */ = {
			isa = PBXFileSystemSynchronizedRootGroup;
			path = "Learning 2UITests";
			sourceTree = "<group>";
		};
/* End PBXFileSystemSynchronizedRootGroup section */

/* Begin PBXFrameworksBuildPhase section */
		2F50CA4E2D129D4A000EAE87 /* Frameworks */ = {
			isa = PBXFrameworksBuildPhase;
			buildActionMask = 2147483647;
			files = (
			);
			runOnlyForDeploymentPostprocessing = 0;
		};
		2F50CA642D129D4B000EAE87 /* Frameworks */ = {
			isa = PBXFrameworksBuildPhase;
			buildActionMask = 2147483647;
			files = (
			);
			runOnlyForDeploymentPostprocessing = 0;
		};
		2F50CA6E2D129D4B000EAE87 /* Frameworks */ = {
			isa = PBXFrameworksBuildPhase;
			buildActionMask = 2147483647;
			files = (
			);
			runOnlyForDeploymentPostprocessing = 0;
		};
/* End PBXFrameworksBuildPhase section */

/* Begin PBXGroup section */
		2F50CA482D129D4A000EAE87 = {
			isa = PBXGroup;
			children = (
				2F50CA532D129D4A000EAE87 /* Learning 2 */,
				2F50CA6A2D129D4B000EAE87 /* Learning 2Tests */,
				2F50CA742D129D4B000EAE87 /* Learning 2UITests */,
				2F50CA522D129D4A000EAE87 /* Products */,
			);
			sourceTree = "<group>";
		};
		2F50CA522D129D4A000EAE87 /* Products */ = {
			isa = PBXGroup;
			children = (
				2F50CA512D129D4A000EAE87 /* Learning 2.app */,
				2F50CA672D129D4B000EAE87 /* Learning 2Tests.xctest */,
				2F50CA712D129D4B000EAE87 /* Learning 2UITests.xctest */,
			);
			name = Products;
			sourceTree = "<group>";
		};
/* End PBXGroup section */

/* Begin PBXNativeTarget section */
		2F50CA502D129D4A000EAE87 /* Learning 2 */ = {
			isa = PBXNativeTarget;
			buildConfigurationList = 2F50CA7A2D129D4B000EAE87 /* Build configuration list for PBXNativeTarget "Learning 2" */;
			buildPhases = (
				2F50CA4D2D129D4A000EAE87 /* Sources */,
				2F50CA4E2D129D4A000EAE87 /* Frameworks */,
				2F50CA4F2D129D4A000EAE87 /* Resources */,
			);
			buildRules = (
			);
			dependencies = (
			);
			fileSystemSynchronizedGroups = (
				2F50CA532D129D4A000EAE87 /* Learning 2 */,
			);
			name = "Learning 2";
			packageProductDependencies = (
			);
			productName = "Learning 2";
			productReference = 2F50CA512D129D4A000EAE87 /* Learning 2.app */;
			productType = "com.apple.product-type.application";
		};
		2F50CA662D129D4B000EAE87 /* Learning 2Tests */ = {
			isa = PBXNativeTarget;
			buildConfigurationList = 2F50CA7F2D129D4B000EAE87 /* Build configuration list for PBXNativeTarget "Learning 2Tests" */;
			buildPhases = (
				2F50CA632D129D4B000EAE87 /* Sources */,
				2F50CA642D129D4B000EAE87 /* Frameworks */,
				2F50CA652D129D4B000EAE87 /* Resources */,
			);
			buildRules = (
			);
			dependencies = (
				2F50CA692D129D4B000EAE87 /* PBXTargetDependency */,
			);
			fileSystemSynchronizedGroups = (
				2F50CA6A2D129D4B000EAE87 /* Learning 2Tests */,
			);
			name = "Learning 2Tests";
			packageProductDependencies = (
			);
			productName = "Learning 2Tests";
			productReference = 2F50CA672D129D4B000EAE87 /* Learning 2Tests.xctest */;
			productType = "com.apple.product-type.bundle.unit-test";
		};
		2F50CA702D129D4B000EAE87 /* Learning 2UITests */ = {
			isa = PBXNativeTarget;
			buildConfigurationList = 2F50CA822D129D4B000EAE87 /* Build configuration list for PBXNativeTarget "Learning 2UITests" */;
			buildPhases = (
				2F50CA6D2D129D4B000EAE87 /* Sources */,
				2F50CA6E2D129D4B000EAE87 /* Frameworks */,
				2F50CA6F2D129D4B000EAE87 /* Resources */,
			);
			buildRules = (
			);
			dependencies = (
				2F50CA732D129D4B000EAE87 /* PBXTargetDependency */,
			);
			fileSystemSynchronizedGroups = (
				2F50CA742D129D4B000EAE87 /* Learning 2UITests */,
			);
			name = "Learning 2UITests";
			packageProductDependencies = (
			);
			productName = "Learning 2UITests";
			productReference = 2F50CA712D129D4B000EAE87 /* Learning 2UITests.xctest */;
			productType = "com.apple.product-type.bundle.ui-testing";
		};
/* End PBXNativeTarget section */

/* Begin PBXProject section */
		2F50CA492D129D4A000EAE87 /* Project object */ = {
			isa = PBXProject;
			attributes = {
				BuildIndependentTargetsInParallel = 1;
				LastSwiftUpdateCheck = 1620;
				LastUpgradeCheck = 1620;
				TargetAttributes = {
					2F50CA502D129D4A000EAE87 = {
						CreatedOnToolsVersion = 16.2;
					};
					2F50CA662D129D4B000EAE87 = {
						CreatedOnToolsVersion = 16.2;
						TestTargetID = 2F50CA502D129D4A000EAE87;
					};
					2F50CA702D129D4B000EAE87 = {
						CreatedOnToolsVersion = 16.2;
						TestTargetID = 2F50CA502D129D4A000EAE87;
					};
				};
			};
			buildConfigurationList = 2F50CA4C2D129D4A000EAE87 /* Build configuration list for PBXProject "Learning 2" */;
			developmentRegion = en;
			hasScannedForEncodings = 0;
			knownRegions = (
				en,
				Base,
			);
			mainGroup = 2F50CA482D129D4A000EAE87;
			minimizedProjectReferenceProxies = 1;
			preferredProjectObjectVersion = 77;
			productRefGroup = 2F50CA522D129D4A000EAE87 /* Products */;
			projectDirPath = "";
			projectRoot = "";
			targets = (
				2F50CA502D129D4A000EAE87 /* Learning 2 */,
				2F50CA662D129D4B000EAE87 /* Learning 2Tests */,
				2F50CA702D129D4B000EAE87 /* Learning 2UITests */,
			);
		};
/* End PBXProject section */

/* Begin PBXResourcesBuildPhase section */
		2F50CA4F2D129D4A000EAE87 /* Resources */ = {
			isa = PBXResourcesBuildPhase;
			buildActionMask = 2147483647;
			files = (
			);
			runOnlyForDeploymentPostprocessing = 0;
		};
		2F50CA652D129D4B000EAE87 /* Resources */ = {
			isa = PBXResourcesBuildPhase;
			buildActionMask = 2147483647;
			files = (
			);
			runOnlyForDeploymentPostprocessing = 0;
		};
		2F50CA6F2D129D4B000EAE87 /* Resources */ = {
			isa = PBXResourcesBuildPhase;
			buildActionMask = 2147483647;
			files = (
			);
			runOnlyForDeploymentPostprocessing = 0;
		};
/* End PBXResourcesBuildPhase section */

/* Begin PBXSourcesBuildPhase section */
		2F50CA4D2D129D4A000EAE87 /* Sources */ = {
			isa = PBXSourcesBuildPhase;
			buildActionMask = 2147483647;
			files = (
			);
			runOnlyForDeploymentPostprocessing = 0;
		};
		2F50CA632D129D4B000EAE87 /* Sources */ = {
			isa = PBXSourcesBuildPhase;
			buildActionMask = 2147483647;
			files = (
			);
			runOnlyForDeploymentPostprocessing = 0;
		};
		2F50CA6D2D129D4B000EAE87 /* Sources */ = {
			isa = PBXSourcesBuildPhase;
			buildActionMask = 2147483647;
			files = (
			);
			runOnlyForDeploymentPostprocessing = 0;
		};
/* End PBXSourcesBuildPhase section */

/* Begin PBXTargetDependency section */
		2F50CA692D129D4B000EAE87 /* PBXTargetDependency */ = {
			isa = PBXTargetDependency;
			target = 2F50CA502D129D4A000EAE87 /* Learning 2 */;
			targetProxy = 2F50CA682D129D4B000EAE87 /* PBXContainerItemProxy */;
		};
		2F50CA732D129D4B000EAE87 /* PBXTargetDependency */ = {
			isa = PBXTargetDependency;
			target = 2F50CA502D129D4A000EAE87 /* Learning 2 */;
			targetProxy = 2F50CA722D129D4B000EAE87 /* PBXContainerItemProxy */;
		};
/* End PBXTargetDependency section */

/* Begin XCBuildConfiguration section */
		2F50CA7B2D129D4B000EAE87 /* Debug */ = {
			isa = XCBuildConfiguration;
			buildSettings = {
				ASSETCATALOG_COMPILER_APPICON_NAME = AppIcon;
				ASSETCATALOG_COMPILER_GLOBAL_ACCENT_COLOR_NAME = AccentColor;
				CODE_SIGN_STYLE = Automatic;
				CURRENT_PROJECT_VERSION = 1;
				DEVELOPMENT_TEAM = 2673244QFP;
				GENERATE_INFOPLIST_FILE = YES;
				INFOPLIST_FILE = "Learning 2/Info.plist";
				INFOPLIST_KEY_UIApplicationSupportsIndirectInputEvents = YES;
				INFOPLIST_KEY_UILaunchStoryboardName = LaunchScreen;
				INFOPLIST_KEY_UIMainStoryboardFile = Main;
				INFOPLIST_KEY_UISupportedInterfaceOrientations_iPad = "UIInterfaceOrientationPortrait UIInterfaceOrientationPortraitUpsideDown UIInterfaceOrientationLandscapeLeft UIInterfaceOrientationLandscapeRight";
				INFOPLIST_KEY_UISupportedInterfaceOrientations_iPhone = "UIInterfaceOrientationPortrait UIInterfaceOrientationLandscapeLeft UIInterfaceOrientationLandscapeRight";
				LD_RUNPATH_SEARCH_PATHS = (
					"$(inherited)",
					"@executable_path/Frameworks",
				);
				MARKETING_VERSION = 1.0;
				PRODUCT_BUNDLE_IDENTIFIER = "co.learn.Learning-2";
				PRODUCT_NAME = "$(TARGET_NAME)";
				SWIFT_EMIT_LOC_STRINGS = YES;
				SWIFT_VERSION = 5.0;
				TARGETED_DEVICE_FAMILY = "1,2";
			};
			name = Debug;
		};
		2F50CA7C2D129D4B000EAE87 /* Release */ = {
			isa = XCBuildConfiguration;
			buildSettings = {
				ASSETCATALOG_COMPILER_APPICON_NAME = AppIcon;
				ASSETCATALOG_COMPILER_GLOBAL_ACCENT_COLOR_NAME = AccentColor;
				CODE_SIGN_STYLE = Automatic;
				CURRENT_PROJECT_VERSION = 1;
				DEVELOPMENT_TEAM = 2673244QFP;
				GENERATE_INFOPLIST_FILE = YES;
				INFOPLIST_FILE = "Learning 2/Info.plist";
				INFOPLIST_KEY_UIApplicationSupportsIndirectInputEvents = YES;
				INFOPLIST_KEY_UILaunchStoryboardName = LaunchScreen;
				INFOPLIST_KEY_UIMainStoryboardFile = Main;
				INFOPLIST_KEY_UISupportedInterfaceOrientations_iPad = "UIInterfaceOrientationPortrait UIInterfaceOrientationPortraitUpsideDown UIInterfaceOrientationLandscapeLeft UIInterfaceOrientationLandscapeRight";
				INFOPLIST_KEY_UISupportedInterfaceOrientations_iPhone = "UIInterfaceOrientationPortrait UIInterfaceOrientationLandscapeLeft UIInterfaceOrientationLandscapeRight";
				LD_RUNPATH_SEARCH_PATHS = (
					"$(inherited)",
					"@executable_path/Frameworks",
				);
				MARKETING_VERSION = 1.0;
				PRODUCT_BUNDLE_IDENTIFIER = "co.learn.Learning-2";
				PRODUCT_NAME = "$(TARGET_NAME)";
				SWIFT_EMIT_LOC_STRINGS = YES;
				SWIFT_VERSION = 5.0;
				TARGETED_DEVICE_FAMILY = "1,2";
			};
			name = Release;
		};
		2F50CA7D2D129D4B000EAE87 /* Debug */ = {
			isa = XCBuildConfiguration;
			buildSettings = {
				ALWAYS_SEARCH_USER_PATHS = NO;
				ASSETCATALOG_COMPILER_GENERATE_SWIFT_ASSET_SYMBOL_EXTENSIONS = YES;
				CLANG_ANALYZER_NONNULL = YES;
				CLANG_ANALYZER_NUMBER_OBJECT_CONVERSION = YES_AGGRESSIVE;
				CLANG_CXX_LANGUAGE_STANDARD = "gnu++20";
				CLANG_ENABLE_MODULES = YES;
				CLANG_ENABLE_OBJC_ARC = YES;
				CLANG_ENABLE_OBJC_WEAK = YES;
				CLANG_WARN_BLOCK_CAPTURE_AUTORELEASING = YES;
				CLANG_WARN_BOOL_CONVERSION = YES;
				CLANG_WARN_COMMA = YES;
				CLANG_WARN_CONSTANT_CONVERSION = YES;
				CLANG_WARN_DEPRECATED_OBJC_IMPLEMENTATIONS = YES;
				CLANG_WARN_DIRECT_OBJC_ISA_USAGE = YES_ERROR;
				CLANG_WARN_DOCUMENTATION_COMMENTS = YES;
				CLANG_WARN_EMPTY_BODY = YES;
				CLANG_WARN_ENUM_CONVERSION = YES;
				CLANG_WARN_INFINITE_RECURSION = YES;
				CLANG_WARN_INT_CONVERSION = YES;
				CLANG_WARN_NON_LITERAL_NULL_CONVERSION = YES;
				CLANG_WARN_OBJC_IMPLICIT_RETAIN_SELF = YES;
				CLANG_WARN_OBJC_LITERAL_CONVERSION = YES;
				CLANG_WARN_OBJC_ROOT_CLASS = YES_ERROR;
				CLANG_WARN_QUOTED_INCLUDE_IN_FRAMEWORK_HEADER = YES;
				CLANG_WARN_RANGE_LOOP_ANALYSIS = YES;
				CLANG_WARN_STRICT_PROTOTYPES = YES;
				CLANG_WARN_SUSPICIOUS_MOVE = YES;
				CLANG_WARN_UNGUARDED_AVAILABILITY = YES_AGGRESSIVE;
				CLANG_WARN_UNREACHABLE_CODE = YES;
				CLANG_WARN__DUPLICATE_METHOD_MATCH = YES;
				COPY_PHASE_STRIP = NO;
				DEBUG_INFORMATION_FORMAT = dwarf;
				ENABLE_STRICT_OBJC_MSGSEND = YES;
				ENABLE_TESTABILITY = YES;
				ENABLE_USER_SCRIPT_SANDBOXING = YES;
				GCC_C_LANGUAGE_STANDARD = gnu17;
				GCC_DYNAMIC_NO_PIC = NO;
				GCC_NO_COMMON_BLOCKS = YES;
				GCC_OPTIMIZATION_LEVEL = 0;
				GCC_PREPROCESSOR_DEFINITIONS = (
					"DEBUG=1",
					"$(inherited)",
				);
				GCC_WARN_64_TO_32_BIT_CONVERSION = YES;
				GCC_WARN_ABOUT_RETURN_TYPE = YES_ERROR;
				GCC_WARN_UNDECLARED_SELECTOR = YES;
				GCC_WARN_UNINITIALIZED_AUTOS = YES_AGGRESSIVE;
				GCC_WARN_UNUSED_FUNCTION = YES;
				GCC_WARN_UNUSED_VARIABLE = YES;
				IPHONEOS_DEPLOYMENT_TARGET = 18.2;
				LOCALIZATION_PREFERS_STRING_CATALOGS = YES;
				MTL_ENABLE_DEBUG_INFO = INCLUDE_SOURCE;
				MTL_FAST_MATH = YES;
				ONLY_ACTIVE_ARCH = YES;
				SDKROOT = iphoneos;
				SWIFT_ACTIVE_COMPILATION_CONDITIONS = "DEBUG $(inherited)";
				SWIFT_OPTIMIZATION_LEVEL = "-Onone";
			};
			name = Debug;
		};
		2F50CA7E2D129D4B000EAE87 /* Release */ = {
			isa = XCBuildConfiguration;
			buildSettings = {
				ALWAYS_SEARCH_USER_PATHS = NO;
				ASSETCATALOG_COMPILER_GENERATE_SWIFT_ASSET_SYMBOL_EXTENSIONS = YES;
				CLANG_ANALYZER_NONNULL = YES;
				CLANG_ANALYZER_NUMBER_OBJECT_CONVERSION = YES_AGGRESSIVE;
				CLANG_CXX_LANGUAGE_STANDARD = "gnu++20";
				CLANG_ENABLE_MODULES = YES;
				CLANG_ENABLE_OBJC_ARC = YES;
				CLANG_ENABLE_OBJC_WEAK = YES;
				CLANG_WARN_BLOCK_CAPTURE_AUTORELEASING = YES;
				CLANG_WARN_BOOL_CONVERSION = YES;
				CLANG_WARN_COMMA = YES;
				CLANG_WARN_CONSTANT_CONVERSION = YES;
				CLANG_WARN_DEPRECATED_OBJC_IMPLEMENTATIONS = YES;
				CLANG_WARN_DIRECT_OBJC_ISA_USAGE = YES_ERROR;
				CLANG_WARN_DOCUMENTATION_COMMENTS = YES;
				CLANG_WARN_EMPTY_BODY = YES;
				CLANG_WARN_ENUM_CONVERSION = YES;
				CLANG_WARN_INFINITE_RECURSION = YES;
				CLANG_WARN_INT_CONVERSION = YES;
				CLANG_WARN_NON_LITERAL_NULL_CONVERSION = YES;
				CLANG_WARN_OBJC_IMPLICIT_RETAIN_SELF = YES;
				CLANG_WARN_OBJC_LITERAL_CONVERSION = YES;
				CLANG_WARN_OBJC_ROOT_CLASS = YES_ERROR;
				CLANG_WARN_QUOTED_INCLUDE_IN_FRAMEWORK_HEADER = YES;
				CLANG_WARN_RANGE_LOOP_ANALYSIS = YES;
				CLANG_WARN_STRICT_PROTOTYPES = YES;
				CLANG_WARN_SUSPICIOUS_MOVE = YES;
				CLANG_WARN_UNGUARDED_AVAILABILITY = YES_AGGRESSIVE;
				CLANG_WARN_UNREACHABLE_CODE = YES;
				CLANG_WARN__DUPLICATE_METHOD_MATCH = YES;
				COPY_PHASE_STRIP = NO;
				DEBUG_INFORMATION_FORMAT = "dwarf-with-dsym";
				ENABLE_NS_ASSERTIONS = NO;
				ENABLE_STRICT_OBJC_MSGSEND = YES;
				ENABLE_USER_SCRIPT_SANDBOXING = YES;
				GCC_C_LANGUAGE_STANDARD = gnu17;
				GCC_NO_COMMON_BLOCKS = YES;
				GCC_WARN_64_TO_32_BIT_CONVERSION = YES;
				GCC_WARN_ABOUT_RETURN_TYPE = YES_ERROR;
				GCC_WARN_UNDECLARED_SELECTOR = YES;
				GCC_WARN_UNINITIALIZED_AUTOS = YES_AGGRESSIVE;
				GCC_WARN_UNUSED_FUNCTION = YES;
				GCC_WARN_UNUSED_VARIABLE = YES;
				IPHONEOS_DEPLOYMENT_TARGET = 18.2;
				LOCALIZATION_PREFERS_STRING_CATALOGS = YES;
				MTL_ENABLE_DEBUG_INFO = NO;
				MTL_FAST_MATH = YES;
				SDKROOT = iphoneos;
				SWIFT_COMPILATION_MODE = wholemodule;
				VALIDATE_PRODUCT = YES;
			};
			name = Release;
		};
		2F50CA802D129D4B000EAE87 /* Debug */ = {
			isa = XCBuildConfiguration;
			buildSettings = {
				BUNDLE_LOADER = "$(TEST_HOST)";
				CODE_SIGN_STYLE = Automatic;
				CURRENT_PROJECT_VERSION = 1;
				DEVELOPMENT_TEAM = 2673244QFP;
				GENERATE_INFOPLIST_FILE = YES;
				IPHONEOS_DEPLOYMENT_TARGET = 18.2;
				MARKETING_VERSION = 1.0;
				PRODUCT_BUNDLE_IDENTIFIER = "co.learn.Learning-2Tests";
				PRODUCT_NAME = "$(TARGET_NAME)";
				SWIFT_EMIT_LOC_STRINGS = NO;
				SWIFT_VERSION = 5.0;
				TARGETED_DEVICE_FAMILY = "1,2";
				TEST_HOST = "$(BUILT_PRODUCTS_DIR)/Learning 2.app/$(BUNDLE_EXECUTABLE_FOLDER_PATH)/Learning 2";
			};
			name = Debug;
		};
		2F50CA812D129D4B000EAE87 /* Release */ = {
			isa = XCBuildConfiguration;
			buildSettings = {
				BUNDLE_LOADER = "$(TEST_HOST)";
				CODE_SIGN_STYLE = Automatic;
				CURRENT_PROJECT_VERSION = 1;
				DEVELOPMENT_TEAM = 2673244QFP;
				GENERATE_INFOPLIST_FILE = YES;
				IPHONEOS_DEPLOYMENT_TARGET = 18.2;
				MARKETING_VERSION = 1.0;
				PRODUCT_BUNDLE_IDENTIFIER = "co.learn.Learning-2Tests";
				PRODUCT_NAME = "$(TARGET_NAME)";
				SWIFT_EMIT_LOC_STRINGS = NO;
				SWIFT_VERSION = 5.0;
				TARGETED_DEVICE_FAMILY = "1,2";
				TEST_HOST = "$(BUILT_PRODUCTS_DIR)/Learning 2.app/$(BUNDLE_EXECUTABLE_FOLDER_PATH)/Learning 2";
			};
			name = Release;
		};
		2F50CA832D129D4B000EAE87 /* Debug */ = {
			isa = XCBuildConfiguration;
			buildSettings = {
				CODE_SIGN_STYLE = Automatic;
				CURRENT_PROJECT_VERSION = 1;
				DEVELOPMENT_TEAM = 2673244QFP;
				GENERATE_INFOPLIST_FILE = YES;
				MARKETING_VERSION = 1.0;
				PRODUCT_BUNDLE_IDENTIFIER = "co.learn.Learning-2UITests";
				PRODUCT_NAME = "$(TARGET_NAME)";
				SWIFT_EMIT_LOC_STRINGS = NO;
				SWIFT_VERSION = 5.0;
				TARGETED_DEVICE_FAMILY = "1,2";
				TEST_TARGET_NAME = "Learning 2";
			};
			name = Debug;
		};
		2F50CA842D129D4B000EAE87 /* Release */ = {
			isa = XCBuildConfiguration;
			buildSettings = {
				CODE_SIGN_STYLE = Automatic;
				CURRENT_PROJECT_VERSION = 1;
				DEVELOPMENT_TEAM = 2673244QFP;
				GENERATE_INFOPLIST_FILE = YES;
				MARKETING_VERSION = 1.0;
				PRODUCT_BUNDLE_IDENTIFIER = "co.learn.Learning-2UITests";
				PRODUCT_NAME = "$(TARGET_NAME)";
				SWIFT_EMIT_LOC_STRINGS = NO;
				SWIFT_VERSION = 5.0;
				TARGETED_DEVICE_FAMILY = "1,2";
				TEST_TARGET_NAME = "Learning 2";
			};
			name = Release;
		};
/* End XCBuildConfiguration section */

/* Begin XCConfigurationList section */
		2F50CA4C2D129D4A000EAE87 /* Build configuration list for PBXProject "Learning 2" */ = {
			isa = XCConfigurationList;
			buildConfigurations = (
				2F50CA7D2D129D4B000EAE87 /* Debug */,
				2F50CA7E2D129D4B000EAE87 /* Release */,
			);
			defaultConfigurationIsVisible = 0;
			defaultConfigurationName = Release;
		};
		2F50CA7A2D129D4B000EAE87 /* Build configuration list for PBXNativeTarget "Learning 2" */ = {
			isa = XCConfigurationList;
			buildConfigurations = (
				2F50CA7B2D129D4B000EAE87 /* Debug */,
				2F50CA7C2D129D4B000EAE87 /* Release */,
			);
			defaultConfigurationIsVisible = 0;
			defaultConfigurationName = Release;
		};
		2F50CA7F2D129D4B000EAE87 /* Build configuration list for PBXNativeTarget "Learning 2Tests" */ = {
			isa = XCConfigurationList;
			buildConfigurations = (
				2F50CA802D129D4B000EAE87 /* Debug */,
				2F50CA812D129D4B000EAE87 /* Release */,
			);
			defaultConfigurationIsVisible = 0;
			defaultConfigurationName = Release;
		};
		2F50CA822D129D4B000EAE87 /* Build configuration list for PBXNativeTarget "Learning 2UITests" */ = {
			isa = XCConfigurationList;
			buildConfigurations = (
				2F50CA832D129D4B000EAE87 /* Debug */,
				2F50CA842D129D4B000EAE87 /* Release */,
			);
			defaultConfigurationIsVisible = 0;
			defaultConfigurationName = Release;
		};
/* End XCConfigurationList section */
	};
	rootObject = 2F50CA492D129D4A000EAE87 /* Project object */;
}
